#
# This file is autogenerated by pip-compile with Python 3.9
# by the following command:
#
#    pip-compile --output-file=pip_requirements.lock --strip-extras pip_requirements.txt
#
build==1.2.1
    # via pip-tools
click==8.1.7
    # via pip-tools
coverage==7.6.1
    # via pytest-cov
exceptiongroup==1.2.2
    # via pytest
importlib-metadata==8.2.0
    # via build
iniconfig==2.0.0
    # via pytest
mypy==1.11.1
    # via -r pip_requirements.txt
mypy-extensions==1.0.0
    # via mypy
packaging==24.1
    # via
    #   build
    #   pytest
pip-tools==7.4.1
    # via -r pip_requirements.txt
pluggy==1.5.0
    # via pytest
pyproject-hooks==1.1.0
    # via
    #   build
    #   pip-tools
pytest==8.3.2
    # via
    #   -r pip_requirements.txt
    #   pytest-cov
pytest-cov==5.0.0
    # via -r pip_requirements.txt
ruff==0.5.7
    # via -r pip_requirements.txt
tomli==2.0.1
    # via
    #   build
    #   coverage
    #   mypy
    #   pip-tools
    #   pytest
typing-extensions==4.12.2
    # via mypy
wheel==0.44.0
    # via pip-tools
zipp==3.19.2
    # via importlib-metadata

# The following packages are considered to be unsafe in a requirements file:
# pip
# setuptools