#
# This file is autogenerated by pip-compile with python 3.6
# To update, run:
#
#    pip-compile --output-file=containers/python36/pip.lock containers/python36/pip.in
#
attrs==22.2.0
    # via pytest
coverage[toml]==6.2
    # via pytest-cov
importlib-metadata==4.8.3
    # via
    #   pluggy
    #   pytest
iniconfig==1.1.1
    # via pytest
packaging==21.3
    # via pytest
pluggy==1.0.0
    # via pytest
py==1.11.0
    # via pytest
pyparsing==3.1.4
    # via packaging
pytest==7.0.1
    # via
    #   -r containers/python36/pip.in
    #   pytest-cov
    #   pytest-mock
pytest-cov==4.0.0
    # via -r containers/python36/pip.in
pytest-mock==3.6.1
    # via -r containers/python36/pip.in
toml==0.10.2
    # via -r containers/python36/pip.in
tomli==1.2.3
    # via
    #   coverage
    #   pytest
typing-extensions==4.1.1
    # via importlib-metadata
zipp==3.6.0
    # via importlib-metadata
